
Microsoft Visual Studio Solution File, Format Version 12.00
# Visual Studio Version 17
VisualStudioVersion = 17.7.34003.232
MinimumVisualStudioVersion = 10.0.40219.1
Project("{9A19103F-16F7-4668-BE54-9A1E7A4F7556}") = "OpenXMLdemo", "OpenXMLdemo\OpenXMLdemo.csproj", "{FE0FAB63-0A77-458C-A29F-E9192AB70A63}"
EndProject
Project("{9A19103F-16F7-4668-BE54-9A1E7A4F7556}") = "ClosedXMLdemo", "ClosedXMLdemo\ClosedXMLdemo.csproj", "{C1E72BAA-88AC-4A81-A93E-95B28F576C10}"
EndProject
Global
	GlobalSection(SolutionConfigurationPlatforms) = preSolution
		Debug|Any CPU = Debug|Any CPU
		Release|Any CPU = Release|Any CPU
	EndGlobalSection
	GlobalSection(ProjectConfigurationPlatforms) = postSolution
		{FE0FAB63-0A77-458C-A29F-E9192AB70A63}.Debug|Any CPU.ActiveCfg = Debug|Any CPU
		{FE0FAB63-0A77-458C-A29F-E9192AB70A63}.Debug|Any CPU.Build.0 = Debug|Any CPU
		{FE0FAB63-0A77-458C-A29F-E9192AB70A63}.Release|Any CPU.ActiveCfg = Release|Any CPU
		{FE0FAB63-0A77-458C-A29F-E9192AB70A63}.Release|Any CPU.Build.0 = Release|Any CPU
		{C1E72BAA-88AC-4A81-A93E-95B28F576C10}.Debug|Any CPU.ActiveCfg = Debug|Any CPU
		{C1E72BAA-88AC-4A81-A93E-95B28F576C10}.Debug|Any CPU.Build.0 = Debug|Any CPU
		{C1E72BAA-88AC-4A81-A93E-95B28F576C10}.Release|Any CPU.ActiveCfg = Release|Any CPU
		{C1E72BAA-88AC-4A81-A93E-95B28F576C10}.Release|Any CPU.Build.0 = Release|Any CPU
	EndGlobalSection
	GlobalSection(SolutionProperties) = preSolution
		HideSolutionNode = FALSE
	EndGlobalSection
	GlobalSection(ExtensibilityGlobals) = postSolution
		SolutionGuid = {D4DD308D-1206-459A-B358-700CC14C9393}
	EndGlobalSection
EndGlobal
